{
  "name": "amplifyPhotoProcessor",
  "version": "2.0.0",
  "lockfileVersion": 1,
  "requires": true,
  "dependencies": {
    "aws4": {
      "version": "1.10.1",
      "resolved": "https://registry.npmjs.org/aws4/-/aws4-1.10.1.tgz",
      "integrity": "sha512-zg7Hz2k5lI8kb7U32998pRRFin7zJlkfezGJjUc2heaD4Pw2wObakCDVzkKztTm/Ln7eiVvYsjqak0Ed4LkMDA=="
    },
    "axios": {
      "version": "0.21.0",
      "resolved": "https://registry.npmjs.org/axios/-/axios-0.21.0.tgz",
      "integrity": "sha512-fmkJBknJKoZwem3/IKSSLpkdNXZeBu5Q7GA/aRsr2btgrptmSCxi2oFjZHqGdK9DoTil9PIHlPIZw2EcRJXRvw==",
      "requires": {
        "follow-redirects": "^1.10.0"
      }
    },
    "execSync": {
      "version": "1.0.2",
      "resolved": "https://registry.npmjs.org/execSync/-/execSync-1.0.2.tgz",
      "integrity": "sha1-H0LtpYIiUYAFMiTs3T/Rlg/bMTk=",
      "requires": {
        "temp": "~0.5.1"
      }
    },
    "exif-reader": {
      "version": "1.0.3",
      "resolved": "https://registry.npmjs.org/exif-reader/-/exif-reader-1.0.3.tgz",
      "integrity": "sha512-tWMBj1+9jUSibgR/kv/GQ/fkR0biaN9GEZ5iPdf7jFeH//d2bSzgPoaWf1OfMv4MXFD4upwvpCCyeMvSyLWSfA=="
    },
    "follow-redirects": {
      "version": "1.13.0",
      "resolved": "https://registry.npmjs.org/follow-redirects/-/follow-redirects-1.13.0.tgz",
      "integrity": "sha512-aq6gF1BEKje4a9i9+5jimNFIpq4Q1WiwBToeRK5NvZBd/TRsmW8BsJfOEGkr76TbOyPVD3OVDN910EcUNtRYEA=="
    },
    "graceful-fs": {
      "version": "1.2.3",
      "resolved": "https://registry.npmjs.org/graceful-fs/-/graceful-fs-1.2.3.tgz",
      "integrity": "sha1-FaSAaldUfLLS2/J/QuiajDRRs2Q=",
      "optional": true
    },
    "rimraf": {
      "version": "2.1.4",
      "resolved": "https://registry.npmjs.org/rimraf/-/rimraf-2.1.4.tgz",
      "integrity": "sha1-Wm62Lu2gaPUe3lDymz5c0i89m7I=",
      "requires": {
        "graceful-fs": "~1"
      }
    },
    "shart": {
      "version": "0.0.4",
      "resolved": "https://registry.npmjs.org/shart/-/shart-0.0.4.tgz",
      "integrity": "sha1-E3U6LC378Isr/Kb2Sl3WlkRxkdc=",
      "requires": {
        "execSync": "^1.0.1-pre"
      }
    },
    "temp": {
      "version": "0.5.1",
      "resolved": "https://registry.npmjs.org/temp/-/temp-0.5.1.tgz",
      "integrity": "sha1-d6sZx5qntZPL5PrCRBdoytmHuN8=",
      "requires": {
        "rimraf": "~2.1.4"
      }
    }
  }
}
